
Microsoft Visual Studio Solution File, Format Version 12.00
# Visual Studio Version 17
VisualStudioVersion = 17.1.31911.260
MinimumVisualStudioVersion = 10.0.40219.1
Project("{FAE04EC0-301F-11D3-BF4B-00C04F79EFBC}") = "ProgressButton", "ProgressButton\ProgressButton.csproj", "{659312BB-B3E1-47E2-9720-68D89E68EFB6}"
EndProject
Project("{FAE04EC0-301F-11D3-BF4B-00C04F79EFBC}") = "ProgressExample", "ProgressExample\ProgressExample.csproj", "{90C5AD69-C945-4367-8C13-342BC0155494}"
EndProject
Global
	GlobalSection(SolutionConfigurationPlatforms) = preSolution
		Debug|Any CPU = Debug|Any CPU
		Release|Any CPU = Release|Any CPU
	EndGlobalSection
	GlobalSection(ProjectConfigurationPlatforms) = postSolution
		{659312BB-B3E1-47E2-9720-68D89E68EFB6}.Debug|Any CPU.ActiveCfg = Debug|Any CPU
		{659312BB-B3E1-47E2-9720-68D89E68EFB6}.Debug|Any CPU.Build.0 = Debug|Any CPU
		{659312BB-B3E1-47E2-9720-68D89E68EFB6}.Release|Any CPU.ActiveCfg = Release|Any CPU
		{659312BB-B3E1-47E2-9720-68D89E68EFB6}.Release|Any CPU.Build.0 = Release|Any CPU
		{90C5AD69-C945-4367-8C13-342BC0155494}.Debug|Any CPU.ActiveCfg = Debug|Any CPU
		{90C5AD69-C945-4367-8C13-342BC0155494}.Debug|Any CPU.Build.0 = Debug|Any CPU
		{90C5AD69-C945-4367-8C13-342BC0155494}.Debug|Any CPU.Deploy.0 = Debug|Any CPU
		{90C5AD69-C945-4367-8C13-342BC0155494}.Release|Any CPU.ActiveCfg = Release|Any CPU
		{90C5AD69-C945-4367-8C13-342BC0155494}.Release|Any CPU.Build.0 = Release|Any CPU
		{90C5AD69-C945-4367-8C13-342BC0155494}.Release|Any CPU.Deploy.0 = Release|Any CPU
	EndGlobalSection
	GlobalSection(SolutionProperties) = preSolution
		HideSolutionNode = FALSE
	EndGlobalSection
	GlobalSection(ExtensibilityGlobals) = postSolution
		SolutionGuid = {2CFD527C-ED85-4BC9-9B53-84F0ECA0EDC4}
	EndGlobalSection
EndGlobal
